
Microsoft Visual Studio Solution File, Format Version 12.00
# Visual Studio Version 16
VisualStudioVersion = 16.0.31702.278
MinimumVisualStudioVersion = 10.0.40219.1
Project("{8BC9CEB8-8B4A-11D0-8D11-00A0C91BC942}") = "PR6.2.1", "PR6.2.1\PR6.2.1.vcxproj", "{89229946-A450-4817-AE75-797CEDE95AAF}"
EndProject
Project("{8BC9CEB8-8B4A-11D0-8D11-00A0C91BC942}") = "UnitTest2.1", "UnitTest2.1\UnitTest2.1.vcxproj", "{20BA5629-7822-44F0-B92A-5C4628C3EADD}"
EndProject
Global
	GlobalSection(SolutionConfigurationPlatforms) = preSolution
		Debug|x64 = Debug|x64
		Debug|x86 = Debug|x86
		Release|x64 = Release|x64
		Release|x86 = Release|x86
	EndGlobalSection
	GlobalSection(ProjectConfigurationPlatforms) = postSolution
		{89229946-A450-4817-AE75-797CEDE95AAF}.Debug|x64.ActiveCfg = Debug|x64
		{89229946-A450-4817-AE75-797CEDE95AAF}.Debug|x64.Build.0 = Debug|x64
		{89229946-A450-4817-AE75-797CEDE95AAF}.Debug|x86.ActiveCfg = Debug|Win32
		{89229946-A450-4817-AE75-797CEDE95AAF}.Debug|x86.Build.0 = Debug|Win32
		{89229946-A450-4817-AE75-797CEDE95AAF}.Release|x64.ActiveCfg = Release|x64
		{89229946-A450-4817-AE75-797CEDE95AAF}.Release|x64.Build.0 = Release|x64
		{89229946-A450-4817-AE75-797CEDE95AAF}.Release|x86.ActiveCfg = Release|Win32
		{89229946-A450-4817-AE75-797CEDE95AAF}.Release|x86.Build.0 = Release|Win32
		{20BA5629-7822-44F0-B92A-5C4628C3EADD}.Debug|x64.ActiveCfg = Debug|x64
		{20BA5629-7822-44F0-B92A-5C4628C3EADD}.Debug|x64.Build.0 = Debug|x64
		{20BA5629-7822-44F0-B92A-5C4628C3EADD}.Debug|x86.ActiveCfg = Debug|Win32
		{20BA5629-7822-44F0-B92A-5C4628C3EADD}.Debug|x86.Build.0 = Debug|Win32
		{20BA5629-7822-44F0-B92A-5C4628C3EADD}.Release|x64.ActiveCfg = Release|x64
		{20BA5629-7822-44F0-B92A-5C4628C3EADD}.Release|x64.Build.0 = Release|x64
		{20BA5629-7822-44F0-B92A-5C4628C3EADD}.Release|x86.ActiveCfg = Release|Win32
		{20BA5629-7822-44F0-B92A-5C4628C3EADD}.Release|x86.Build.0 = Release|Win32
	EndGlobalSection
	GlobalSection(SolutionProperties) = preSolution
		HideSolutionNode = FALSE
	EndGlobalSection
	GlobalSection(ExtensibilityGlobals) = postSolution
		SolutionGuid = {DDE5E41E-D2BF-474F-8552-197D9685F032}
	EndGlobalSection
EndGlobal
